{
  "nodes": {
    "CopilotChat-nvim": {
      "flake": false,
      "locked": {
        "lastModified": 1722914123,
        "narHash": "sha256-rIWG88yU7AUgvjMqH4mSVaOFTFburPJFNYa1e/3UNKg=",
        "owner": "CopilotC-Nvim",
        "repo": "CopilotChat.nvim",
        "rev": "cfdf371cec954fccf5410315884e110d214d38fa",
        "type": "github"
      },
      "original": {
        "owner": "CopilotC-Nvim",
        "repo": "CopilotChat.nvim",
        "type": "github"
      }
    },
    "FTerm-nvim": {
      "flake": false,
      "locked": {
        "lastModified": 1668331546,
        "narHash": "sha256-fCtAs6qsvWOYRp2Z1AwQa2ByUZcUCMKfuYBoNTP7EeY=",
        "owner": "numToStr",
        "repo": "FTerm.nvim",
        "rev": "d1320892cc2ebab472935242d9d992a2c9570180",
        "type": "github"
      },
      "original": {
        "owner": "numToStr",
        "repo": "FTerm.nvim",
        "type": "github"
      }
    },
    "agenix": {
      "inputs": {
        "darwin": "darwin",
        "home-manager": "home-manager_2",
        "nixpkgs": "nixpkgs_4",
        "systems": "systems_3"
      },
      "locked": {
        "lastModified": 1723293904,
        "narHash": "sha256-b+uqzj+Wa6xgMS9aNbX4I+sXeb5biPDi39VgvSFqFvU=",
        "owner": "ryantm",
        "repo": "agenix",
        "rev": "f6291c5935fdc4e0bef208cfc0dcab7e3f7a1c41",
        "type": "github"
      },
      "original": {
        "owner": "ryantm",
        "repo": "agenix",
        "type": "github"
      }
    },
    "alpha-nvim": {
      "flake": false,
      "locked": {
        "lastModified": 1708891191,
        "narHash": "sha256-kTVPKZ/e1us/uHfSwFwR38lFYN8EotJq2jKz6xm/eqg=",
        "owner": "goolord",
        "repo": "alpha-nvim",
        "rev": "41283fb402713fc8b327e60907f74e46166f4cfd",
        "type": "github"
      },
      "original": {
        "owner": "goolord",
        "repo": "alpha-nvim",
        "type": "github"
      }
    },
    "auto-session": {
      "flake": false,
      "locked": {
        "lastModified": 1724871087,
        "narHash": "sha256-FyawmoHSlnRdpvE83rBe9NtUy0zJazMy4XlojtP4nkA=",
        "owner": "rmagatti",
        "repo": "auto-session",
        "rev": "0e9aa77525b5217e8eacb36007edd3d02bb2a91a",
        "type": "github"
      },
      "original": {
        "owner": "rmagatti",
        "repo": "auto-session",
        "type": "github"
      }
    },
    "bufferline-nvim": {
      "flake": false,
      "locked": {
        "lastModified": 1719300612,
        "narHash": "sha256-/HpRU+TQjrPratReMyvwaYZ5wPqnrTg79iocaF8hkfw=",
        "owner": "akinsho",
        "repo": "bufferline.nvim",
        "rev": "81820cac7c85e51e4cf179f8a66d13dbf7b032d9",
        "type": "github"
      },
      "original": {
        "owner": "akinsho",
        "repo": "bufferline.nvim",
        "type": "github"
      }
    },
    "cmp-buffer": {
      "flake": false,
      "locked": {
        "lastModified": 1660101488,
        "narHash": "sha256-dG4U7MtnXThoa/PD+qFtCt76MQ14V1wX8GMYcvxEnbM=",
        "owner": "hrsh7th",
        "repo": "cmp-buffer",
        "rev": "3022dbc9166796b644a841a02de8dd1cc1d311fa",
        "type": "github"
      },
      "original": {
        "owner": "hrsh7th",
        "repo": "cmp-buffer",
        "type": "github"
      }
    },
    "cmp-nvim-lsp": {
      "flake": false,
      "locked": {
        "lastModified": 1715931395,
        "narHash": "sha256-CT1+Z4XJBVsl/RqvJeGmyitD6x7So0ylXvvef5jh7I8=",
        "owner": "hrsh7th",
        "repo": "cmp-nvim-lsp",
        "rev": "39e2eda76828d88b773cc27a3f61d2ad782c922d",
        "type": "github"
      },
      "original": {
        "owner": "hrsh7th",
        "repo": "cmp-nvim-lsp",
        "type": "github"
      }
    },
    "cmp_luasnip": {
      "flake": false,
      "locked": {
        "lastModified": 1696878902,
        "narHash": "sha256-nUJJl2zyK/oSwz5RzI9j3gf9zpDfCImCYbPbVsyXgz8=",
        "owner": "saadparwaiz1",
        "repo": "cmp_luasnip",
        "rev": "05a9ab28b53f71d1aece421ef32fee2cb857a843",
        "type": "github"
      },
      "original": {
        "owner": "saadparwaiz1",
        "repo": "cmp_luasnip",
        "type": "github"
      }
    },
    "comment-nvim": {
      "flake": false,
      "locked": {
        "lastModified": 1717957420,
        "narHash": "sha256-h0kPue5Eqd5aeu4VoLH45pF0DmWWo1d8SnLICSQ63zc=",
        "owner": "numToStr",
        "repo": "Comment.nvim",
        "rev": "e30b7f2008e52442154b66f7c519bfd2f1e32acb",
        "type": "github"
      },
      "original": {
        "owner": "numToStr",
        "repo": "Comment.nvim",
        "type": "github"
      }
    },
    "copilot-lua": {
      "flake": false,
      "locked": {
        "lastModified": 1718412968,
        "narHash": "sha256-HC1QZlqEg+RBz/8kjLadafc06UoMAjhh0UO/BWQGMY8=",
        "owner": "zbirenbaum",
        "repo": "copilot.lua",
        "rev": "86537b286f18783f8b67bccd78a4ef4345679625",
        "type": "github"
      },
      "original": {
        "owner": "zbirenbaum",
        "repo": "copilot.lua",
        "type": "github"
      }
    },
    "darwin": {
      "inputs": {
        "nixpkgs": [
          "secrets",
          "agenix",
          "nixpkgs"
        ]
      },
      "locked": {
        "lastModified": 1700795494,
        "narHash": "sha256-gzGLZSiOhf155FW7262kdHo2YDeugp3VuIFb4/GGng0=",
        "owner": "lnl7",
        "repo": "nix-darwin",
        "rev": "4b9b83d5a92e8c1fbfd8eb27eda375908c11ec4d",
        "type": "github"
      },
      "original": {
        "owner": "lnl7",
        "ref": "master",
        "repo": "nix-darwin",
        "type": "github"
      }
    },
    "devshell": {
      "inputs": {
        "nixpkgs": "nixpkgs"
      },
      "locked": {
        "lastModified": 1722113426,
        "narHash": "sha256-Yo/3loq572A8Su6aY5GP56knpuKYRvM2a1meP9oJZCw=",
        "owner": "numtide",
        "repo": "devshell",
        "rev": "67cce7359e4cd3c45296fb4aaf6a19e2a9c757ae",
        "type": "github"
      },
      "original": {
        "owner": "numtide",
        "repo": "devshell",
        "type": "github"
      }
    },
    "devshell_2": {
      "inputs": {
        "nixpkgs": "nixpkgs_5"
      },
      "locked": {
        "lastModified": 1722113426,
        "narHash": "sha256-Yo/3loq572A8Su6aY5GP56knpuKYRvM2a1meP9oJZCw=",
        "owner": "numtide",
        "repo": "devshell",
        "rev": "67cce7359e4cd3c45296fb4aaf6a19e2a9c757ae",
        "type": "github"
      },
      "original": {
        "owner": "numtide",
        "repo": "devshell",
        "type": "github"
      }
    },
    "efmls-configs-nvim": {
      "flake": false,
      "locked": {
        "lastModified": 1716300703,
        "narHash": "sha256-8tJdctTfflH+hW0AJS0IAckThKzN0LFWprM+FVG/+sw=",
        "owner": "creativenull",
        "repo": "efmls-configs-nvim",
        "rev": "eb2be5b24dbf7200a80bcd5c64bc63afbc8ae86f",
        "type": "github"
      },
      "original": {
        "owner": "creativenull",
        "repo": "efmls-configs-nvim",
        "type": "github"
      }
    },
    "flake-utils": {
      "inputs": {
        "systems": "systems"
      },
      "locked": {
        "lastModified": 1710146030,
        "narHash": "sha256-SZ5L6eA7HJ/nmkzGG7/ISclqe6oZdOZTNoesiInkXPQ=",
        "owner": "numtide",
        "repo": "flake-utils",
        "rev": "b1d9ab70662946ef0850d488da1c9019f3a9752a",
        "type": "github"
      },
      "original": {
        "owner": "numtide",
        "repo": "flake-utils",
        "type": "github"
      }
    },
    "flake-utils_2": {
      "inputs": {
        "systems": "systems_2"
      },
      "locked": {
        "lastModified": 1710146030,
        "narHash": "sha256-SZ5L6eA7HJ/nmkzGG7/ISclqe6oZdOZTNoesiInkXPQ=",
        "owner": "numtide",
        "repo": "flake-utils",
        "rev": "b1d9ab70662946ef0850d488da1c9019f3a9752a",
        "type": "github"
      },
      "original": {
        "owner": "numtide",
        "repo": "flake-utils",
        "type": "github"
      }
    },
    "flake-utils_3": {
      "inputs": {
        "systems": "systems_4"
      },
      "locked": {
        "lastModified": 1710146030,
        "narHash": "sha256-SZ5L6eA7HJ/nmkzGG7/ISclqe6oZdOZTNoesiInkXPQ=",
        "owner": "numtide",
        "repo": "flake-utils",
        "rev": "b1d9ab70662946ef0850d488da1c9019f3a9752a",
        "type": "github"
      },
      "original": {
        "owner": "numtide",
        "repo": "flake-utils",
        "type": "github"
      }
    },
    "friendly-snippets": {
      "flake": false,
      "locked": {
        "lastModified": 1718595155,
        "narHash": "sha256-Eaeq3NrYRU/IAEDxxAGmzWVawpUdPYkfmPrvVO3b0Zk=",
        "owner": "rafamadriz",
        "repo": "friendly-snippets",
        "rev": "682157939e57bd6a2c86277dfd4d6fbfce63dbac",
        "type": "github"
      },
      "original": {
        "owner": "rafamadriz",
        "repo": "friendly-snippets",
        "type": "github"
      }
    },
    "gitsigns-nvim": {
      "flake": false,
      "locked": {
        "lastModified": 1719313209,
        "narHash": "sha256-z90mzcqYWW3qgHWTC/YH+Heo5rgIvB0ojEj74ja6IgM=",
        "owner": "lewis6991",
        "repo": "gitsigns.nvim",
        "rev": "fa42613096ebfa5fee1ea87d70f8625ab9685d01",
        "type": "github"
      },
      "original": {
        "owner": "lewis6991",
        "repo": "gitsigns.nvim",
        "type": "github"
      }
    },
    "gruvbox-material": {
      "flake": false,
      "locked": {
        "lastModified": 1718997242,
        "narHash": "sha256-fZInzV3cTAu94/j7hkeWxQhJbtFeuvAjeWrSG0UVv1A=",
        "owner": "sainnhe",
        "repo": "gruvbox-material",
        "rev": "607fac66a5a4418dd9fe1c8fe7d1368099f5bf96",
        "type": "github"
      },
      "original": {
        "owner": "sainnhe",
        "repo": "gruvbox-material",
        "type": "github"
      }
    },
    "home-manager": {
      "inputs": {
        "nixpkgs": [
          "nixpkgs"
        ]
      },
      "locked": {
        "lastModified": 1720042825,
        "narHash": "sha256-A0vrUB6x82/jvf17qPCpxaM+ulJnD8YZwH9Ci0BsAzE=",
        "owner": "nix-community",
        "repo": "home-manager",
        "rev": "e1391fb22e18a36f57e6999c7a9f966dc80ac073",
        "type": "github"
      },
      "original": {
        "owner": "nix-community",
        "ref": "release-24.05",
        "repo": "home-manager",
        "type": "github"
      }
    },
    "home-manager_2": {
      "inputs": {
        "nixpkgs": [
          "secrets",
          "agenix",
          "nixpkgs"
        ]
      },
      "locked": {
        "lastModified": 1703113217,
        "narHash": "sha256-7ulcXOk63TIT2lVDSExj7XzFx09LpdSAPtvgtM7yQPE=",
        "owner": "nix-community",
        "repo": "home-manager",
        "rev": "3bfaacf46133c037bb356193bd2f1765d9dc82c1",
        "type": "github"
      },
      "original": {
        "owner": "nix-community",
        "repo": "home-manager",
        "type": "github"
      }
    },
    "hop-nvim": {
      "flake": false,
      "locked": {
        "lastModified": 1694283445,
        "narHash": "sha256-SnuFeD/lrMxKtpBRPgIwdG0kVF7BWe02PiV7URVDASI=",
        "owner": "phaazon",
        "repo": "hop.nvim",
        "rev": "1a1eceafe54b5081eae4cb91c723abd1d450f34b",
        "type": "github"
      },
      "original": {
        "owner": "phaazon",
        "repo": "hop.nvim",
        "type": "github"
      }
    },
    "impermanence": {
      "locked": {
        "lastModified": 1719091691,
        "narHash": "sha256-AxaLX5cBEcGtE02PeGsfscSb/fWMnyS7zMWBXQWDKbE=",
        "owner": "nix-community",
        "repo": "impermanence",
        "rev": "23c1f06316b67cb5dabdfe2973da3785cfe9c34a",
        "type": "github"
      },
      "original": {
        "owner": "nix-community",
        "repo": "impermanence",
        "type": "github"
      }
    },
    "indent-blankline-nvim": {
      "flake": false,
      "locked": {
        "lastModified": 1719368119,
        "narHash": "sha256-K8TylSsLoj5WfTag8Ni6tPPhHqIdQzmzg/gJYnUKE5U=",
        "owner": "lukas-reineke",
        "repo": "indent-blankline.nvim",
        "rev": "4288ce8128a52650e401dda42fd7651a6038f262",
        "type": "github"
      },
      "original": {
        "owner": "lukas-reineke",
        "repo": "indent-blankline.nvim",
        "type": "github"
      }
    },
    "lualine-nvim": {
      "flake": false,
      "locked": {
        "lastModified": 1712310396,
        "narHash": "sha256-WcH2dWdRDgMkwBQhcgT+Z/ArMdm+VbRhmQftx4t2kNI=",
        "owner": "nvim-lualine",
        "repo": "lualine.nvim",
        "rev": "0a5a66803c7407767b799067986b4dc3036e1983",
        "type": "github"
      },
      "original": {
        "owner": "nvim-lualine",
        "repo": "lualine.nvim",
        "type": "github"
      }
    },
    "luasnip": {
      "flake": false,
      "locked": {
        "lastModified": 1719395930,
        "narHash": "sha256-Mo5aUjufMrOuOXbfFiF/vIl9kgEOcdRtZfScWqHAw70=",
        "owner": "L3MON4D3",
        "repo": "LuaSnip",
        "rev": "ba3ea5bcfd969679f38fefb1bc801cd45524045b",
        "type": "github"
      },
      "original": {
        "owner": "L3MON4D3",
        "repo": "LuaSnip",
        "type": "github"
      }
    },
    "neovim-config": {
      "inputs": {
        "CopilotChat-nvim": "CopilotChat-nvim",
        "FTerm-nvim": "FTerm-nvim",
        "alpha-nvim": "alpha-nvim",
        "auto-session": "auto-session",
        "bufferline-nvim": "bufferline-nvim",
        "cmp-buffer": "cmp-buffer",
        "cmp-nvim-lsp": "cmp-nvim-lsp",
        "cmp_luasnip": "cmp_luasnip",
        "comment-nvim": "comment-nvim",
        "copilot-lua": "copilot-lua",
        "efmls-configs-nvim": "efmls-configs-nvim",
        "flake-utils": "flake-utils_2",
        "friendly-snippets": "friendly-snippets",
        "gitsigns-nvim": "gitsigns-nvim",
        "gruvbox-material": "gruvbox-material",
        "hop-nvim": "hop-nvim",
        "indent-blankline-nvim": "indent-blankline-nvim",
        "lualine-nvim": "lualine-nvim",
        "luasnip": "luasnip",
        "nixpkgs": "nixpkgs_2",
        "nvim-cmp": "nvim-cmp",
        "nvim-hlslens": "nvim-hlslens",
        "nvim-lspconfig": "nvim-lspconfig",
        "nvim-tree-lua": "nvim-tree-lua",
        "nvim-treesitter-context": "nvim-treesitter-context",
        "nvim-web-devicons": "nvim-web-devicons",
        "plenary-nvim": "plenary-nvim",
        "registers-nvim": "registers-nvim",
        "telescope-nvim": "telescope-nvim",
        "telescope-ui-select-nvim": "telescope-ui-select-nvim",
        "trouble-nvim": "trouble-nvim",
        "vim-argumentative": "vim-argumentative",
        "vim-asterisk": "vim-asterisk",
        "vim-easy-align": "vim-easy-align",
        "vim-repeat": "vim-repeat",
        "vim-signature": "vim-signature",
        "vim-surround": "vim-surround",
        "vim-tmux-navigator": "vim-tmux-navigator",
        "vim-unimpaired": "vim-unimpaired",
        "which-key-nvim": "which-key-nvim"
      },
      "locked": {
        "lastModified": 1724949883,
        "narHash": "sha256-EJ2FAqPcLl3OkbBSx0GJ7rHccBslFLHhBsKk6cBl9kA=",
        "owner": "desheffer",
        "repo": "neovim-config",
        "rev": "ac2881bb7916e91829edebd9b5117681ea4c5d08",
        "type": "github"
      },
      "original": {
        "owner": "desheffer",
        "repo": "neovim-config",
        "type": "github"
      }
    },
    "nixos-hardware": {
      "locked": {
        "lastModified": 1723310128,
        "narHash": "sha256-IiH8jG6PpR4h9TxSGMYh+2/gQiJW9MwehFvheSb5rPc=",
        "owner": "nixos",
        "repo": "nixos-hardware",
        "rev": "c54cf53e022b0b3c1d3b8207aa0f9b194c24f0cf",
        "type": "github"
      },
      "original": {
        "owner": "nixos",
        "repo": "nixos-hardware",
        "type": "github"
      }
    },
    "nixpkgs": {
      "locked": {
        "lastModified": 1722073938,
        "narHash": "sha256-OpX0StkL8vpXyWOGUD6G+MA26wAXK6SpT94kLJXo6B4=",
        "owner": "NixOS",
        "repo": "nixpkgs",
        "rev": "e36e9f57337d0ff0cf77aceb58af4c805472bfae",
        "type": "github"
      },
      "original": {
        "owner": "NixOS",
        "ref": "nixpkgs-unstable",
        "repo": "nixpkgs",
        "type": "github"
      }
    },
    "nixpkgs_2": {
      "locked": {
        "lastModified": 1722813957,
        "narHash": "sha256-IAoYyYnED7P8zrBFMnmp7ydaJfwTnwcnqxUElC1I26Y=",
        "owner": "nixos",
        "repo": "nixpkgs",
        "rev": "cb9a96f23c491c081b38eab96d22fa958043c9fa",
        "type": "github"
      },
      "original": {
        "owner": "nixos",
        "ref": "nixos-unstable",
        "repo": "nixpkgs",
        "type": "github"
      }
    },
    "nixpkgs_3": {
      "locked": {
        "lastModified": 1724855419,
        "narHash": "sha256-WXHSyOF4nBX0cvHN3DfmEMcLOVdKH6tnMk9FQ8wTNRc=",
        "owner": "nixos",
        "repo": "nixpkgs",
        "rev": "ae2fc9e0e42caaf3f068c1bfdc11c71734125e06",
        "type": "github"
      },
      "original": {
        "owner": "nixos",
        "ref": "nixos-24.05",
        "repo": "nixpkgs",
        "type": "github"
      }
    },
    "nixpkgs_4": {
      "locked": {
        "lastModified": 1703013332,
        "narHash": "sha256-+tFNwMvlXLbJZXiMHqYq77z/RfmpfpiI3yjL6o/Zo9M=",
        "owner": "NixOS",
        "repo": "nixpkgs",
        "rev": "54aac082a4d9bb5bbc5c4e899603abfb76a3f6d6",
        "type": "github"
      },
      "original": {
        "owner": "NixOS",
        "ref": "nixos-unstable",
        "repo": "nixpkgs",
        "type": "github"
      }
    },
    "nixpkgs_5": {
      "locked": {
        "lastModified": 1722073938,
        "narHash": "sha256-OpX0StkL8vpXyWOGUD6G+MA26wAXK6SpT94kLJXo6B4=",
        "owner": "NixOS",
        "repo": "nixpkgs",
        "rev": "e36e9f57337d0ff0cf77aceb58af4c805472bfae",
        "type": "github"
      },
      "original": {
        "owner": "NixOS",
        "ref": "nixpkgs-unstable",
        "repo": "nixpkgs",
        "type": "github"
      }
    },
    "nixpkgs_6": {
      "locked": {
        "lastModified": 1723362943,
        "narHash": "sha256-dFZRVSgmJkyM0bkPpaYRtG/kRMRTorUIDj8BxoOt1T4=",
        "owner": "nixos",
        "repo": "nixpkgs",
        "rev": "a58bc8ad779655e790115244571758e8de055e3d",
        "type": "github"
      },
      "original": {
        "owner": "nixos",
        "ref": "nixos-unstable",
        "repo": "nixpkgs",
        "type": "github"
      }
    },
    "nvim-cmp": {
      "flake": false,
      "locked": {
        "lastModified": 1717829983,
        "narHash": "sha256-7tEfEjWH5pneI10jLYpenoysRQPa2zPGLTNcbMX3x2I=",
        "owner": "hrsh7th",
        "repo": "nvim-cmp",
        "rev": "a110e12d0b58eefcf5b771f533fc2cf3050680ac",
        "type": "github"
      },
      "original": {
        "owner": "hrsh7th",
        "repo": "nvim-cmp",
        "type": "github"
      }
    },
    "nvim-hlslens": {
      "flake": false,
      "locked": {
        "lastModified": 1718365029,
        "narHash": "sha256-2yfzkdn1tsXDEoiRLBcA6ZcttoV+vzDlloofFccFvY4=",
        "owner": "kevinhwang91",
        "repo": "nvim-hlslens",
        "rev": "1db56afda3e85791a14b096e483dfda699dd9163",
        "type": "github"
      },
      "original": {
        "owner": "kevinhwang91",
        "repo": "nvim-hlslens",
        "type": "github"
      }
    },
    "nvim-lspconfig": {
      "flake": false,
      "locked": {
        "lastModified": 1719132401,
        "narHash": "sha256-dM4FtrfZC8smqman/3rbu+jTG6qY5X8HunE9JADoZGY=",
        "owner": "neovim",
        "repo": "nvim-lspconfig",
        "rev": "9c9eb07fecc578e25e28db8dc9002b43fff2ed79",
        "type": "github"
      },
      "original": {
        "owner": "neovim",
        "repo": "nvim-lspconfig",
        "type": "github"
      }
    },
    "nvim-tree-lua": {
      "flake": false,
      "locked": {
        "lastModified": 1719107085,
        "narHash": "sha256-RfrbxYD7RYBEy/grSYnKKkWd4BHxGYEFeLiDB5OYGpg=",
        "owner": "nvim-tree",
        "repo": "nvim-tree.lua",
        "rev": "8b2c5c678be4b49dff6a2df794877000113fd77b",
        "type": "github"
      },
      "original": {
        "owner": "nvim-tree",
        "repo": "nvim-tree.lua",
        "type": "github"
      }
    },
    "nvim-treesitter-context": {
      "flake": false,
      "locked": {
        "lastModified": 1717341988,
        "narHash": "sha256-htro0Q+nRHubVyvkXSMqwic7UvQIgHN3Os+D0UYbfDU=",
        "owner": "nvim-treesitter",
        "repo": "nvim-treesitter-context",
        "rev": "5efba33af0f39942e426340da7bc15d7dec16474",
        "type": "github"
      },
      "original": {
        "owner": "nvim-treesitter",
        "repo": "nvim-treesitter-context",
        "type": "github"
      }
    },
    "nvim-web-devicons": {
      "flake": false,
      "locked": {
        "lastModified": 1717894639,
        "narHash": "sha256-j/B/E1VltJ/QpVFtDKAdVC4+KZ5Mz8dQP5kd8HIHjLs=",
        "owner": "nvim-tree",
        "repo": "nvim-web-devicons",
        "rev": "c0cfc1738361b5da1cd0a962dd6f774cc444f856",
        "type": "github"
      },
      "original": {
        "owner": "nvim-tree",
        "repo": "nvim-web-devicons",
        "type": "github"
      }
    },
    "plenary-nvim": {
      "flake": false,
      "locked": {
        "lastModified": 1716230027,
        "narHash": "sha256-5Jf2mWFVDofXBcXLbMa417mqlEPWLA+cQIZH/vNEV1g=",
        "owner": "nvim-lua",
        "repo": "plenary.nvim",
        "rev": "a3e3bc82a3f95c5ed0d7201546d5d2c19b20d683",
        "type": "github"
      },
      "original": {
        "owner": "nvim-lua",
        "repo": "plenary.nvim",
        "type": "github"
      }
    },
    "registers-nvim": {
      "flake": false,
      "locked": {
        "lastModified": 1703954003,
        "narHash": "sha256-/MwIOR7H6ZkH/uLZOcMgg9XOWQB0yYYonbSKl51bXzo=",
        "owner": "tversteeg",
        "repo": "registers.nvim",
        "rev": "22bb98f93a423252fffeb3531f7bc12a3e07b63f",
        "type": "github"
      },
      "original": {
        "owner": "tversteeg",
        "repo": "registers.nvim",
        "type": "github"
      }
    },
    "root": {
      "inputs": {
        "devshell": "devshell",
        "flake-utils": "flake-utils",
        "home-manager": "home-manager",
        "impermanence": "impermanence",
        "neovim-config": "neovim-config",
        "nixos-hardware": "nixos-hardware",
        "nixpkgs": "nixpkgs_3",
        "secrets": "secrets"
      }
    },
    "secrets": {
      "inputs": {
        "agenix": "agenix",
        "devshell": "devshell_2",
        "flake-utils": "flake-utils_3",
        "nixpkgs": "nixpkgs_6"
      },
      "locked": {
        "lastModified": 1724951987,
        "narHash": "sha256-3BgMSi4ZnubxHHdIcRi7Jz74biun95KByUgsKaxwkx0=",
        "ref": "main",
        "rev": "6362819b8bf14b1ef7326b0d2198855161bd6193",
        "revCount": 28,
        "type": "git",
        "url": "ssh://git@github.com/desheffer/secrets"
      },
      "original": {
        "ref": "main",
        "type": "git",
        "url": "ssh://git@github.com/desheffer/secrets"
      }
    },
    "systems": {
      "locked": {
        "lastModified": 1681028828,
        "narHash": "sha256-Vy1rq5AaRuLzOxct8nz4T6wlgyUR7zLU309k9mBC768=",
        "owner": "nix-systems",
        "repo": "default",
        "rev": "da67096a3b9bf56a91d16901293e51ba5b49a27e",
        "type": "github"
      },
      "original": {
        "owner": "nix-systems",
        "repo": "default",
        "type": "github"
      }
    },
    "systems_2": {
      "locked": {
        "lastModified": 1681028828,
        "narHash": "sha256-Vy1rq5AaRuLzOxct8nz4T6wlgyUR7zLU309k9mBC768=",
        "owner": "nix-systems",
        "repo": "default",
        "rev": "da67096a3b9bf56a91d16901293e51ba5b49a27e",
        "type": "github"
      },
      "original": {
        "owner": "nix-systems",
        "repo": "default",
        "type": "github"
      }
    },
    "systems_3": {
      "locked": {
        "lastModified": 1681028828,
        "narHash": "sha256-Vy1rq5AaRuLzOxct8nz4T6wlgyUR7zLU309k9mBC768=",
        "owner": "nix-systems",
        "repo": "default",
        "rev": "da67096a3b9bf56a91d16901293e51ba5b49a27e",
        "type": "github"
      },
      "original": {
        "owner": "nix-systems",
        "repo": "default",
        "type": "github"
      }
    },
    "systems_4": {
      "locked": {
        "lastModified": 1681028828,
        "narHash": "sha256-Vy1rq5AaRuLzOxct8nz4T6wlgyUR7zLU309k9mBC768=",
        "owner": "nix-systems",
        "repo": "default",
        "rev": "da67096a3b9bf56a91d16901293e51ba5b49a27e",
        "type": "github"
      },
      "original": {
        "owner": "nix-systems",
        "repo": "default",
        "type": "github"
      }
    },
    "telescope-nvim": {
      "flake": false,
      "locked": {
        "lastModified": 1719458873,
        "narHash": "sha256-DuyCp6ZJYhJJSramSHjwGqa3vyindi8jieaFnsLHoUE=",
        "owner": "nvim-telescope",
        "repo": "telescope.nvim",
        "rev": "7bd2f9b72f8449780b79bcf351534e2cd36ec43a",
        "type": "github"
      },
      "original": {
        "owner": "nvim-telescope",
        "repo": "telescope.nvim",
        "type": "github"
      }
    },
    "telescope-ui-select-nvim": {
      "flake": false,
      "locked": {
        "lastModified": 1701723223,
        "narHash": "sha256-YRhNmmG4gx9Ht8JwjQfbTjJyTHEuZmtP6lqnhOsk8bE=",
        "owner": "nvim-telescope",
        "repo": "telescope-ui-select.nvim",
        "rev": "6e51d7da30bd139a6950adf2a47fda6df9fa06d2",
        "type": "github"
      },
      "original": {
        "owner": "nvim-telescope",
        "repo": "telescope-ui-select.nvim",
        "type": "github"
      }
    },
    "trouble-nvim": {
      "flake": false,
      "locked": {
        "lastModified": 1719209487,
        "narHash": "sha256-3qFfGffA7JCgrdRxnu1RpJrJQ+kFXczDwIvEvoIg7DI=",
        "owner": "folke",
        "repo": "trouble.nvim",
        "rev": "88c3be40c061ce053ab326ce4fdcb973a1f785ff",
        "type": "github"
      },
      "original": {
        "owner": "folke",
        "repo": "trouble.nvim",
        "type": "github"
      }
    },
    "vim-argumentative": {
      "flake": false,
      "locked": {
        "lastModified": 1416845228,
        "narHash": "sha256-cgcNlsmEhZ8aWicJKgpnVJRl7nrMllFRDkXBhwBv7xk=",
        "owner": "PeterRincker",
        "repo": "vim-argumentative",
        "rev": "63a5f7deb675c38126de626f4c00e000902462fe",
        "type": "github"
      },
      "original": {
        "owner": "PeterRincker",
        "repo": "vim-argumentative",
        "type": "github"
      }
    },
    "vim-asterisk": {
      "flake": false,
      "locked": {
        "lastModified": 1580751879,
        "narHash": "sha256-MkuY+hIgLiIeJMzF2W6WuwlDQMTHlASs+29NvYlMqa4=",
        "owner": "haya14busa",
        "repo": "vim-asterisk",
        "rev": "77e97061d6691637a034258cc415d98670698459",
        "type": "github"
      },
      "original": {
        "owner": "haya14busa",
        "repo": "vim-asterisk",
        "type": "github"
      }
    },
    "vim-easy-align": {
      "flake": false,
      "locked": {
        "lastModified": 1712978502,
        "narHash": "sha256-9CfWi83DCzWBARNG6AA0MQllEfQ/3UtYtYPDWLdmDwk=",
        "owner": "junegunn",
        "repo": "vim-easy-align",
        "rev": "9815a55dbcd817784458df7a18acacc6f82b1241",
        "type": "github"
      },
      "original": {
        "owner": "junegunn",
        "repo": "vim-easy-align",
        "type": "github"
      }
    },
    "vim-repeat": {
      "flake": false,
      "locked": {
        "lastModified": 1611544268,
        "narHash": "sha256-8rfZa3uKXB3TRCqaDHZ6DfzNbm7WaYnLvmTNzYtnKHg=",
        "owner": "tpope",
        "repo": "vim-repeat",
        "rev": "24afe922e6a05891756ecf331f39a1f6743d3d5a",
        "type": "github"
      },
      "original": {
        "owner": "tpope",
        "repo": "vim-repeat",
        "type": "github"
      }
    },
    "vim-signature": {
      "flake": false,
      "locked": {
        "lastModified": 1530910672,
        "narHash": "sha256-9eZ7IZV5PSEHAACZYQ4iiCs8iZxSxWOPinkrf85rpSI=",
        "owner": "kshenoy",
        "repo": "vim-signature",
        "rev": "6bc3dd1294a22e897f0dcf8dd72b85f350e306bc",
        "type": "github"
      },
      "original": {
        "owner": "kshenoy",
        "repo": "vim-signature",
        "type": "github"
      }
    },
    "vim-surround": {
      "flake": false,
      "locked": {
        "lastModified": 1666730476,
        "narHash": "sha256-DZE5tkmnT+lAvx/RQHaDEgEJXRKsy56KJY919xiH1lE=",
        "owner": "tpope",
        "repo": "vim-surround",
        "rev": "3d188ed2113431cf8dac77be61b842acb64433d9",
        "type": "github"
      },
      "original": {
        "owner": "tpope",
        "repo": "vim-surround",
        "type": "github"
      }
    },
    "vim-tmux-navigator": {
      "flake": false,
      "locked": {
        "lastModified": 1716740807,
        "narHash": "sha256-o39bbuD0rqTrvkDfagOBG9FeXPj/2GMS2OKYTaH4mU0=",
        "owner": "christoomey",
        "repo": "vim-tmux-navigator",
        "rev": "5b3c701686fb4e6629c100ed32e827edf8dad01e",
        "type": "github"
      },
      "original": {
        "owner": "christoomey",
        "repo": "vim-tmux-navigator",
        "type": "github"
      }
    },
    "vim-unimpaired": {
      "flake": false,
      "locked": {
        "lastModified": 1668992903,
        "narHash": "sha256-KUNmvI5+2yZuPTmtUiRPtkjzMxRaDh5gALsLz5VIaao=",
        "owner": "tpope",
        "repo": "vim-unimpaired",
        "rev": "6d44a6dc2ec34607c41ec78acf81657248580bf1",
        "type": "github"
      },
      "original": {
        "owner": "tpope",
        "repo": "vim-unimpaired",
        "type": "github"
      }
    },
    "which-key-nvim": {
      "flake": false,
      "locked": {
        "lastModified": 1717769072,
        "narHash": "sha256-xfz51JQsEqaPRSzFw6DxM8yKFznOk9o9ETlZkErSzNg=",
        "owner": "folke",
        "repo": "which-key.nvim",
        "rev": "0099511294f16b81c696004fa6a403b0ae61f7a0",
        "type": "github"
      },
      "original": {
        "owner": "folke",
        "repo": "which-key.nvim",
        "type": "github"
      }
    }
  },
  "root": "root",
  "version": 7
}
